// !$*UTF8*$!
{
	archiveVersion = 1;
	classes = {
	};
	objectVersion = 50;
	objects = {

/* Begin PBXBuildFile section */
		80829E9923E569CF0007C523 /* AppDelegate.swift in Sources */ = {isa = PBXBuildFile; fileRef = 80829E9823E569CF0007C523 /* AppDelegate.swift */; };
		80829E9B23E569CF0007C523 /* SceneDelegate.swift in Sources */ = {isa = PBXBuildFile; fileRef = 80829E9A23E569CF0007C523 /* SceneDelegate.swift */; };
		80829E9D23E569CF0007C523 /* IntroductionViewController.swift in Sources */ = {isa = PBXBuildFile; fileRef = 80829E9C23E569CF0007C523 /* IntroductionViewController.swift */; };
		80829EA023E569CF0007C523 /* Main.storyboard in Resources */ = {isa = PBXBuildFile; fileRef = 80829E9E23E569CF0007C523 /* Main.storyboard */; };
		80829EA223E569D20007C523 /* Assets.xcassets in Resources */ = {isa = PBXBuildFile; fileRef = 80829EA123E569D20007C523 /* Assets.xcassets */; };
		80829EA523E569D20007C523 /* LaunchScreen.storyboard in Resources */ = {isa = PBXBuildFile; fileRef = 80829EA323E569D20007C523 /* LaunchScreen.storyboard */; };
		80829EB023E569D20007C523 /* PersonalityQuizTests.swift in Sources */ = {isa = PBXBuildFile; fileRef = 80829EAF23E569D20007C523 /* PersonalityQuizTests.swift */; };
		80829EBB23E569D20007C523 /* PersonalityQuizUITests.swift in Sources */ = {isa = PBXBuildFile; fileRef = 80829EBA23E569D20007C523 /* PersonalityQuizUITests.swift */; };
		80829EC923E5EE2B0007C523 /* QuestionViewController.swift in Sources */ = {isa = PBXBuildFile; fileRef = 80829EC823E5EE2B0007C523 /* QuestionViewController.swift */; };
		80829ECB23E5EE410007C523 /* ResultsViewController.swift in Sources */ = {isa = PBXBuildFile; fileRef = 80829ECA23E5EE410007C523 /* ResultsViewController.swift */; };
		80829ECD23E5F9120007C523 /* QuestionData.swift in Sources */ = {isa = PBXBuildFile; fileRef = 80829ECC23E5F9120007C523 /* QuestionData.swift */; };
/* End PBXBuildFile section */

/* Begin PBXContainerItemProxy section */
		80829EAC23E569D20007C523 /* PBXContainerItemProxy */ = {
			isa = PBXContainerItemProxy;
			containerPortal = 80829E8D23E569CF0007C523 /* Project object */;
			proxyType = 1;
			remoteGlobalIDString = 80829E9423E569CF0007C523;
			remoteInfo = PersonalityQuiz;
		};
		80829EB723E569D20007C523 /* PBXContainerItemProxy */ = {
			isa = PBXContainerItemProxy;
			containerPortal = 80829E8D23E569CF0007C523 /* Project object */;
			proxyType = 1;
			remoteGlobalIDString = 80829E9423E569CF0007C523;
			remoteInfo = PersonalityQuiz;
		};
/* End PBXContainerItemProxy section */

/* Begin PBXFileReference section */
		80829E9523E569CF0007C523 /* PersonalityQuiz.app */ = {isa = PBXFileReference; explicitFileType = wrapper.application; includeInIndex = 0; path = PersonalityQuiz.app; sourceTree = BUILT_PRODUCTS_DIR; };
		80829E9823E569CF0007C523 /* AppDelegate.swift */ = {isa = PBXFileReference; lastKnownFileType = sourcecode.swift; path = AppDelegate.swift; sourceTree = "<group>"; };
		80829E9A23E569CF0007C523 /* SceneDelegate.swift */ = {isa = PBXFileReference; lastKnownFileType = sourcecode.swift; path = SceneDelegate.swift; sourceTree = "<group>"; };
		80829E9C23E569CF0007C523 /* IntroductionViewController.swift */ = {isa = PBXFileReference; lastKnownFileType = sourcecode.swift; path = IntroductionViewController.swift; sourceTree = "<group>"; };
		80829E9F23E569CF0007C523 /* Base */ = {isa = PBXFileReference; lastKnownFileType = file.storyboard; name = Base; path = Base.lproj/Main.storyboard; sourceTree = "<group>"; };
		80829EA123E569D20007C523 /* Assets.xcassets */ = {isa = PBXFileReference; lastKnownFileType = folder.assetcatalog; path = Assets.xcassets; sourceTree = "<group>"; };
		80829EA423E569D20007C523 /* Base */ = {isa = PBXFileReference; lastKnownFileType = file.storyboard; name = Base; path = Base.lproj/LaunchScreen.storyboard; sourceTree = "<group>"; };
		80829EA623E569D20007C523 /* Info.plist */ = {isa = PBXFileReference; lastKnownFileType = text.plist.xml; path = Info.plist; sourceTree = "<group>"; };
		80829EAB23E569D20007C523 /* PersonalityQuizTests.xctest */ = {isa = PBXFileReference; explicitFileType = wrapper.cfbundle; includeInIndex = 0; path = PersonalityQuizTests.xctest; sourceTree = BUILT_PRODUCTS_DIR; };
		80829EAF23E569D20007C523 /* PersonalityQuizTests.swift */ = {isa = PBXFileReference; lastKnownFileType = sourcecode.swift; path = PersonalityQuizTests.swift; sourceTree = "<group>"; };
		80829EB123E569D20007C523 /* Info.plist */ = {isa = PBXFileReference; lastKnownFileType = text.plist.xml; path = Info.plist; sourceTree = "<group>"; };
		80829EB623E569D20007C523 /* PersonalityQuizUITests.xctest */ = {isa = PBXFileReference; explicitFileType = wrapper.cfbundle; includeInIndex = 0; path = PersonalityQuizUITests.xctest; sourceTree = BUILT_PRODUCTS_DIR; };
		80829EBA23E569D20007C523 /* PersonalityQuizUITests.swift */ = {isa = PBXFileReference; lastKnownFileType = sourcecode.swift; path = PersonalityQuizUITests.swift; sourceTree = "<group>"; };
		80829EBC23E569D20007C523 /* Info.plist */ = {isa = PBXFileReference; lastKnownFileType = text.plist.xml; path = Info.plist; sourceTree = "<group>"; };
		80829EC823E5EE2B0007C523 /* QuestionViewController.swift */ = {isa = PBXFileReference; lastKnownFileType = sourcecode.swift; path = QuestionViewController.swift; sourceTree = "<group>"; };
		80829ECA23E5EE410007C523 /* ResultsViewController.swift */ = {isa = PBXFileReference; lastKnownFileType = sourcecode.swift; path = ResultsViewController.swift; sourceTree = "<group>"; };
		80829ECC23E5F9120007C523 /* QuestionData.swift */ = {isa = PBXFileReference; lastKnownFileType = sourcecode.swift; path = QuestionData.swift; sourceTree = "<group>"; };
/* End PBXFileReference section */

/* Begin PBXFrameworksBuildPhase section */
		80829E9223E569CF0007C523 /* Frameworks */ = {
			isa = PBXFrameworksBuildPhase;
			buildActionMask = 2147483647;
			files = (
			);
			runOnlyForDeploymentPostprocessing = 0;
		};
		80829EA823E569D20007C523 /* Frameworks */ = {
			isa = PBXFrameworksBuildPhase;
			buildActionMask = 2147483647;
			files = (
			);
			runOnlyForDeploymentPostprocessing = 0;
		};
		80829EB323E569D20007C523 /* Frameworks */ = {
			isa = PBXFrameworksBuildPhase;
			buildActionMask = 2147483647;
			files = (
			);
			runOnlyForDeploymentPostprocessing = 0;
		};
/* End PBXFrameworksBuildPhase section */

/* Begin PBXGroup section */
		80829E8C23E569CF0007C523 = {
			isa = PBXGroup;
			children = (
				80829E9723E569CF0007C523 /* PersonalityQuiz */,
				80829EAE23E569D20007C523 /* PersonalityQuizTests */,
				80829EB923E569D20007C523 /* PersonalityQuizUITests */,
				80829E9623E569CF0007C523 /* Products */,
			);
			sourceTree = "<group>";
		};
		80829E9623E569CF0007C523 /* Products */ = {
			isa = PBXGroup;
			children = (
				80829E9523E569CF0007C523 /* PersonalityQuiz.app */,
				80829EAB23E569D20007C523 /* PersonalityQuizTests.xctest */,
				80829EB623E569D20007C523 /* PersonalityQuizUITests.xctest */,
			);
			name = Products;
			sourceTree = "<group>";
		};
		80829E9723E569CF0007C523 /* PersonalityQuiz */ = {
			isa = PBXGroup;
			children = (
				80829E9823E569CF0007C523 /* AppDelegate.swift */,
				80829E9A23E569CF0007C523 /* SceneDelegate.swift */,
				80829E9E23E569CF0007C523 /* Main.storyboard */,
				80829ECC23E5F9120007C523 /* QuestionData.swift */,
				80829E9C23E569CF0007C523 /* IntroductionViewController.swift */,
				80829EC823E5EE2B0007C523 /* QuestionViewController.swift */,
				80829ECA23E5EE410007C523 /* ResultsViewController.swift */,
				80829EA123E569D20007C523 /* Assets.xcassets */,
				80829EA323E569D20007C523 /* LaunchScreen.storyboard */,
				80829EA623E569D20007C523 /* Info.plist */,
			);
			path = PersonalityQuiz;
			sourceTree = "<group>";
		};
		80829EAE23E569D20007C523 /* PersonalityQuizTests */ = {
			isa = PBXGroup;
			children = (
				80829EAF23E569D20007C523 /* PersonalityQuizTests.swift */,
				80829EB123E569D20007C523 /* Info.plist */,
			);
			path = PersonalityQuizTests;
			sourceTree = "<group>";
		};
		80829EB923E569D20007C523 /* PersonalityQuizUITests */ = {
			isa = PBXGroup;
			children = (
				80829EBA23E569D20007C523 /* PersonalityQuizUITests.swift */,
				80829EBC23E569D20007C523 /* Info.plist */,
			);
			path = PersonalityQuizUITests;
			sourceTree = "<group>";
		};
/* End PBXGroup section */

/* Begin PBXNativeTarget section */
		80829E9423E569CF0007C523 /* PersonalityQuiz */ = {
			isa = PBXNativeTarget;
			buildConfigurationList = 80829EBF23E569D20007C523 /* Build configuration list for PBXNativeTarget "PersonalityQuiz" */;
			buildPhases = (
				80829E9123E569CF0007C523 /* Sources */,
				80829E9223E569CF0007C523 /* Frameworks */,
				80829E9323E569CF0007C523 /* Resources */,
			);
			buildRules = (
			);
			dependencies = (
			);
			name = PersonalityQuiz;
			productName = PersonalityQuiz;
			productReference = 80829E9523E569CF0007C523 /* PersonalityQuiz.app */;
			productType = "com.apple.product-type.application";
		};
		80829EAA23E569D20007C523 /* PersonalityQuizTests */ = {
			isa = PBXNativeTarget;
			buildConfigurationList = 80829EC223E569D20007C523 /* Build configuration list for PBXNativeTarget "PersonalityQuizTests" */;
			buildPhases = (
				80829EA723E569D20007C523 /* Sources */,
				80829EA823E569D20007C523 /* Frameworks */,
				80829EA923E569D20007C523 /* Resources */,
			);
			buildRules = (
			);
			dependencies = (
				80829EAD23E569D20007C523 /* PBXTargetDependency */,
			);
			name = PersonalityQuizTests;
			productName = PersonalityQuizTests;
			productReference = 80829EAB23E569D20007C523 /* PersonalityQuizTests.xctest */;
			productType = "com.apple.product-type.bundle.unit-test";
		};
		80829EB523E569D20007C523 /* PersonalityQuizUITests */ = {
			isa = PBXNativeTarget;
			buildConfigurationList = 80829EC523E569D20007C523 /* Build configuration list for PBXNativeTarget "PersonalityQuizUITests" */;
			buildPhases = (
				80829EB223E569D20007C523 /* Sources */,
				80829EB323E569D20007C523 /* Frameworks */,
				80829EB423E569D20007C523 /* Resources */,
			);
			buildRules = (
			);
			dependencies = (
				80829EB823E569D20007C523 /* PBXTargetDependency */,
			);
			name = PersonalityQuizUITests;
			productName = PersonalityQuizUITests;
			productReference = 80829EB623E569D20007C523 /* PersonalityQuizUITests.xctest */;
			productType = "com.apple.product-type.bundle.ui-testing";
		};
/* End PBXNativeTarget section */

/* Begin PBXProject section */
		80829E8D23E569CF0007C523 /* Project object */ = {
			isa = PBXProject;
			attributes = {
				LastSwiftUpdateCheck = 1130;
				LastUpgradeCheck = 1130;
				ORGANIZATIONNAME = "Andrew Englehorn";
				TargetAttributes = {
					80829E9423E569CF0007C523 = {
						CreatedOnToolsVersion = 11.3.1;
					};
					80829EAA23E569D20007C523 = {
						CreatedOnToolsVersion = 11.3.1;
						TestTargetID = 80829E9423E569CF0007C523;
					};
					80829EB523E569D20007C523 = {
						CreatedOnToolsVersion = 11.3.1;
						TestTargetID = 80829E9423E569CF0007C523;
					};
				};
			};
			buildConfigurationList = 80829E9023E569CF0007C523 /* Build configuration list for PBXProject "PersonalityQuiz" */;
			compatibilityVersion = "Xcode 9.3";
			developmentRegion = en;
			hasScannedForEncodings = 0;
			knownRegions = (
				en,
				Base,
			);
			mainGroup = 80829E8C23E569CF0007C523;
			productRefGroup = 80829E9623E569CF0007C523 /* Products */;
			projectDirPath = "";
			projectRoot = "";
			targets = (
				80829E9423E569CF0007C523 /* PersonalityQuiz */,
				80829EAA23E569D20007C523 /* PersonalityQuizTests */,
				80829EB523E569D20007C523 /* PersonalityQuizUITests */,
			);
		};
/* End PBXProject section */

/* Begin PBXResourcesBuildPhase section */
		80829E9323E569CF0007C523 /* Resources */ = {
			isa = PBXResourcesBuildPhase;
			buildActionMask = 2147483647;
			files = (
				80829EA523E569D20007C523 /* LaunchScreen.storyboard in Resources */,
				80829EA223E569D20007C523 /* Assets.xcassets in Resources */,
				80829EA023E569CF0007C523 /* Main.storyboard in Resources */,
			);
			runOnlyForDeploymentPostprocessing = 0;
		};
		80829EA923E569D20007C523 /* Resources */ = {
			isa = PBXResourcesBuildPhase;
			buildActionMask = 2147483647;
			files = (
			);
			runOnlyForDeploymentPostprocessing = 0;
		};
		80829EB423E569D20007C523 /* Resources */ = {
			isa = PBXResourcesBuildPhase;
			buildActionMask = 2147483647;
			files = (
			);
			runOnlyForDeploymentPostprocessing = 0;
		};
/* End PBXResourcesBuildPhase section */

/* Begin PBXSourcesBuildPhase section */
		80829E9123E569CF0007C523 /* Sources */ = {
			isa = PBXSourcesBuildPhase;
			buildActionMask = 2147483647;
			files = (
				80829E9D23E569CF0007C523 /* IntroductionViewController.swift in Sources */,
				80829E9923E569CF0007C523 /* AppDelegate.swift in Sources */,
				80829EC923E5EE2B0007C523 /* QuestionViewController.swift in Sources */,
				80829ECD23E5F9120007C523 /* QuestionData.swift in Sources */,
				80829ECB23E5EE410007C523 /* ResultsViewController.swift in Sources */,
				80829E9B23E569CF0007C523 /* SceneDelegate.swift in Sources */,
			);
			runOnlyForDeploymentPostprocessing = 0;
		};
		80829EA723E569D20007C523 /* Sources */ = {
			isa = PBXSourcesBuildPhase;
			buildActionMask = 2147483647;
			files = (
				80829EB023E569D20007C523 /* PersonalityQuizTests.swift in Sources */,
			);
			runOnlyForDeploymentPostprocessing = 0;
		};
		80829EB223E569D20007C523 /* Sources */ = {
			isa = PBXSourcesBuildPhase;
			buildActionMask = 2147483647;
			files = (
				80829EBB23E569D20007C523 /* PersonalityQuizUITests.swift in Sources */,
			);
			runOnlyForDeploymentPostprocessing = 0;
		};
/* End PBXSourcesBuildPhase section */

/* Begin PBXTargetDependency section */
		80829EAD23E569D20007C523 /* PBXTargetDependency */ = {
			isa = PBXTargetDependency;
			target = 80829E9423E569CF0007C523 /* PersonalityQuiz */;
			targetProxy = 80829EAC23E569D20007C523 /* PBXContainerItemProxy */;
		};
		80829EB823E569D20007C523 /* PBXTargetDependency */ = {
			isa = PBXTargetDependency;
			target = 80829E9423E569CF0007C523 /* PersonalityQuiz */;
			targetProxy = 80829EB723E569D20007C523 /* PBXContainerItemProxy */;
		};
/* End PBXTargetDependency section */

/* Begin PBXVariantGroup section */
		80829E9E23E569CF0007C523 /* Main.storyboard */ = {
			isa = PBXVariantGroup;
			children = (
				80829E9F23E569CF0007C523 /* Base */,
			);
			name = Main.storyboard;
			sourceTree = "<group>";
		};
		80829EA323E569D20007C523 /* LaunchScreen.storyboard */ = {
			isa = PBXVariantGroup;
			children = (
				80829EA423E569D20007C523 /* Base */,
			);
			name = LaunchScreen.storyboard;
			sourceTree = "<group>";
		};
/* End PBXVariantGroup section */

/* Begin XCBuildConfiguration section */
		80829EBD23E569D20007C523 /* Debug */ = {
			isa = XCBuildConfiguration;
			buildSettings = {
				ALWAYS_SEARCH_USER_PATHS = NO;
				CLANG_ANALYZER_NONNULL = YES;
				CLANG_ANALYZER_NUMBER_OBJECT_CONVERSION = YES_AGGRESSIVE;
				CLANG_CXX_LANGUAGE_STANDARD = "gnu++14";
				CLANG_CXX_LIBRARY = "libc++";
				CLANG_ENABLE_MODULES = YES;
				CLANG_ENABLE_OBJC_ARC = YES;
				CLANG_ENABLE_OBJC_WEAK = YES;
				CLANG_WARN_BLOCK_CAPTURE_AUTORELEASING = YES;
				CLANG_WARN_BOOL_CONVERSION = YES;
				CLANG_WARN_COMMA = YES;
				CLANG_WARN_CONSTANT_CONVERSION = YES;
				CLANG_WARN_DEPRECATED_OBJC_IMPLEMENTATIONS = YES;
				CLANG_WARN_DIRECT_OBJC_ISA_USAGE = YES_ERROR;
				CLANG_WARN_DOCUMENTATION_COMMENTS = YES;
				CLANG_WARN_EMPTY_BODY = YES;
				CLANG_WARN_ENUM_CONVERSION = YES;
				CLANG_WARN_INFINITE_RECURSION = YES;
				CLANG_WARN_INT_CONVERSION = YES;
				CLANG_WARN_NON_LITERAL_NULL_CONVERSION = YES;
				CLANG_WARN_OBJC_IMPLICIT_RETAIN_SELF = YES;
				CLANG_WARN_OBJC_LITERAL_CONVERSION = YES;
				CLANG_WARN_OBJC_ROOT_CLASS = YES_ERROR;
				CLANG_WARN_RANGE_LOOP_ANALYSIS = YES;
				CLANG_WARN_STRICT_PROTOTYPES = YES;
				CLANG_WARN_SUSPICIOUS_MOVE = YES;
				CLANG_WARN_UNGUARDED_AVAILABILITY = YES_AGGRESSIVE;
				CLANG_WARN_UNREACHABLE_CODE = YES;
				CLANG_WARN__DUPLICATE_METHOD_MATCH = YES;
				COPY_PHASE_STRIP = NO;
				DEBUG_INFORMATION_FORMAT = dwarf;
				ENABLE_STRICT_OBJC_MSGSEND = YES;
				ENABLE_TESTABILITY = YES;
				GCC_C_LANGUAGE_STANDARD = gnu11;
				GCC_DYNAMIC_NO_PIC = NO;
				GCC_NO_COMMON_BLOCKS = YES;
				GCC_OPTIMIZATION_LEVEL = 0;
				GCC_PREPROCESSOR_DEFINITIONS = (
					"DEBUG=1",
					"$(inherited)",
				);
				GCC_WARN_64_TO_32_BIT_CONVERSION = YES;
				GCC_WARN_ABOUT_RETURN_TYPE = YES_ERROR;
				GCC_WARN_UNDECLARED_SELECTOR = YES;
				GCC_WARN_UNINITIALIZED_AUTOS = YES_AGGRESSIVE;
				GCC_WARN_UNUSED_FUNCTION = YES;
				GCC_WARN_UNUSED_VARIABLE = YES;
				IPHONEOS_DEPLOYMENT_TARGET = 13.2;
				MTL_ENABLE_DEBUG_INFO = INCLUDE_SOURCE;
				MTL_FAST_MATH = YES;
				ONLY_ACTIVE_ARCH = YES;
				SDKROOT = iphoneos;
				SWIFT_ACTIVE_COMPILATION_CONDITIONS = DEBUG;
				SWIFT_OPTIMIZATION_LEVEL = "-Onone";
			};
			name = Debug;
		};
		80829EBE23E569D20007C523 /* Release */ = {
			isa = XCBuildConfiguration;
			buildSettings = {
				ALWAYS_SEARCH_USER_PATHS = NO;
				CLANG_ANALYZER_NONNULL = YES;
				CLANG_ANALYZER_NUMBER_OBJECT_CONVERSION = YES_AGGRESSIVE;
				CLANG_CXX_LANGUAGE_STANDARD = "gnu++14";
				CLANG_CXX_LIBRARY = "libc++";
				CLANG_ENABLE_MODULES = YES;
				CLANG_ENABLE_OBJC_ARC = YES;
				CLANG_ENABLE_OBJC_WEAK = YES;
				CLANG_WARN_BLOCK_CAPTURE_AUTORELEASING = YES;
				CLANG_WARN_BOOL_CONVERSION = YES;
				CLANG_WARN_COMMA = YES;
				CLANG_WARN_CONSTANT_CONVERSION = YES;
				CLANG_WARN_DEPRECATED_OBJC_IMPLEMENTATIONS = YES;
				CLANG_WARN_DIRECT_OBJC_ISA_USAGE = YES_ERROR;
				CLANG_WARN_DOCUMENTATION_COMMENTS = YES;
				CLANG_WARN_EMPTY_BODY = YES;
				CLANG_WARN_ENUM_CONVERSION = YES;
				CLANG_WARN_INFINITE_RECURSION = YES;
				CLANG_WARN_INT_CONVERSION = YES;
				CLANG_WARN_NON_LITERAL_NULL_CONVERSION = YES;
				CLANG_WARN_OBJC_IMPLICIT_RETAIN_SELF = YES;
				CLANG_WARN_OBJC_LITERAL_CONVERSION = YES;
				CLANG_WARN_OBJC_ROOT_CLASS = YES_ERROR;
				CLANG_WARN_RANGE_LOOP_ANALYSIS = YES;
				CLANG_WARN_STRICT_PROTOTYPES = YES;
				CLANG_WARN_SUSPICIOUS_MOVE = YES;
				CLANG_WARN_UNGUARDED_AVAILABILITY = YES_AGGRESSIVE;
				CLANG_WARN_UNREACHABLE_CODE = YES;
				CLANG_WARN__DUPLICATE_METHOD_MATCH = YES;
				COPY_PHASE_STRIP = NO;
				DEBUG_INFORMATION_FORMAT = "dwarf-with-dsym";
				ENABLE_NS_ASSERTIONS = NO;
				ENABLE_STRICT_OBJC_MSGSEND = YES;
				GCC_C_LANGUAGE_STANDARD = gnu11;
				GCC_NO_COMMON_BLOCKS = YES;
				GCC_WARN_64_TO_32_BIT_CONVERSION = YES;
				GCC_WARN_ABOUT_RETURN_TYPE = YES_ERROR;
				GCC_WARN_UNDECLARED_SELECTOR = YES;
				GCC_WARN_UNINITIALIZED_AUTOS = YES_AGGRESSIVE;
				GCC_WARN_UNUSED_FUNCTION = YES;
				GCC_WARN_UNUSED_VARIABLE = YES;
				IPHONEOS_DEPLOYMENT_TARGET = 13.2;
				MTL_ENABLE_DEBUG_INFO = NO;
				MTL_FAST_MATH = YES;
				SDKROOT = iphoneos;
				SWIFT_COMPILATION_MODE = wholemodule;
				SWIFT_OPTIMIZATION_LEVEL = "-O";
				VALIDATE_PRODUCT = YES;
			};
			name = Release;
		};
		80829EC023E569D20007C523 /* Debug */ = {
			isa = XCBuildConfiguration;
			buildSettings = {
				ASSETCATALOG_COMPILER_APPICON_NAME = AppIcon;
				CODE_SIGN_STYLE = Automatic;
				INFOPLIST_FILE = PersonalityQuiz/Info.plist;
				LD_RUNPATH_SEARCH_PATHS = (
					"$(inherited)",
					"@executable_path/Frameworks",
				);
				PRODUCT_BUNDLE_IDENTIFIER = com.PersonalityQuiz;
				PRODUCT_NAME = "$(TARGET_NAME)";
				SWIFT_VERSION = 5.0;
				TARGETED_DEVICE_FAMILY = "1,2";
			};
			name = Debug;
		};
		80829EC123E569D20007C523 /* Release */ = {
			isa = XCBuildConfiguration;
			buildSettings = {
				ASSETCATALOG_COMPILER_APPICON_NAME = AppIcon;
				CODE_SIGN_STYLE = Automatic;
				INFOPLIST_FILE = PersonalityQuiz/Info.plist;
				LD_RUNPATH_SEARCH_PATHS = (
					"$(inherited)",
					"@executable_path/Frameworks",
				);
				PRODUCT_BUNDLE_IDENTIFIER = com.PersonalityQuiz;
				PRODUCT_NAME = "$(TARGET_NAME)";
				SWIFT_VERSION = 5.0;
				TARGETED_DEVICE_FAMILY = "1,2";
			};
			name = Release;
		};
		80829EC323E569D20007C523 /* Debug */ = {
			isa = XCBuildConfiguration;
			buildSettings = {
				ALWAYS_EMBED_SWIFT_STANDARD_LIBRARIES = YES;
				BUNDLE_LOADER = "$(TEST_HOST)";
				CODE_SIGN_STYLE = Automatic;
				INFOPLIST_FILE = PersonalityQuizTests/Info.plist;
				IPHONEOS_DEPLOYMENT_TARGET = 13.2;
				LD_RUNPATH_SEARCH_PATHS = (
					"$(inherited)",
					"@executable_path/Frameworks",
					"@loader_path/Frameworks",
				);
				PRODUCT_BUNDLE_IDENTIFIER = com.PersonalityQuizTests;
				PRODUCT_NAME = "$(TARGET_NAME)";
				SWIFT_VERSION = 5.0;
				TARGETED_DEVICE_FAMILY = "1,2";
				TEST_HOST = "$(BUILT_PRODUCTS_DIR)/PersonalityQuiz.app/PersonalityQuiz";
			};
			name = Debug;
		};
		80829EC423E569D20007C523 /* Release */ = {
			isa = XCBuildConfiguration;
			buildSettings = {
				ALWAYS_EMBED_SWIFT_STANDARD_LIBRARIES = YES;
				BUNDLE_LOADER = "$(TEST_HOST)";
				CODE_SIGN_STYLE = Automatic;
				INFOPLIST_FILE = PersonalityQuizTests/Info.plist;
				IPHONEOS_DEPLOYMENT_TARGET = 13.2;
				LD_RUNPATH_SEARCH_PATHS = (
					"$(inherited)",
					"@executable_path/Frameworks",
					"@loader_path/Frameworks",
				);
				PRODUCT_BUNDLE_IDENTIFIER = com.PersonalityQuizTests;
				PRODUCT_NAME = "$(TARGET_NAME)";
				SWIFT_VERSION = 5.0;
				TARGETED_DEVICE_FAMILY = "1,2";
				TEST_HOST = "$(BUILT_PRODUCTS_DIR)/PersonalityQuiz.app/PersonalityQuiz";
			};
			name = Release;
		};
		80829EC623E569D20007C523 /* Debug */ = {
			isa = XCBuildConfiguration;
			buildSettings = {
				ALWAYS_EMBED_SWIFT_STANDARD_LIBRARIES = YES;
				CODE_SIGN_STYLE = Automatic;
				INFOPLIST_FILE = PersonalityQuizUITests/Info.plist;
				LD_RUNPATH_SEARCH_PATHS = (
					"$(inherited)",
					"@executable_path/Frameworks",
					"@loader_path/Frameworks",
				);
				PRODUCT_BUNDLE_IDENTIFIER = com.PersonalityQuizUITests;
				PRODUCT_NAME = "$(TARGET_NAME)";
				SWIFT_VERSION = 5.0;
				TARGETED_DEVICE_FAMILY = "1,2";
				TEST_TARGET_NAME = PersonalityQuiz;
			};
			name = Debug;
		};
		80829EC723E569D20007C523 /* Release */ = {
			isa = XCBuildConfiguration;
			buildSettings = {
				ALWAYS_EMBED_SWIFT_STANDARD_LIBRARIES = YES;
				CODE_SIGN_STYLE = Automatic;
				INFOPLIST_FILE = PersonalityQuizUITests/Info.plist;
				LD_RUNPATH_SEARCH_PATHS = (
					"$(inherited)",
					"@executable_path/Frameworks",
					"@loader_path/Frameworks",
				);
				PRODUCT_BUNDLE_IDENTIFIER = com.PersonalityQuizUITests;
				PRODUCT_NAME = "$(TARGET_NAME)";
				SWIFT_VERSION = 5.0;
				TARGETED_DEVICE_FAMILY = "1,2";
				TEST_TARGET_NAME = PersonalityQuiz;
			};
			name = Release;
		};
/* End XCBuildConfiguration section */

/* Begin XCConfigurationList section */
		80829E9023E569CF0007C523 /* Build configuration list for PBXProject "PersonalityQuiz" */ = {
			isa = XCConfigurationList;
			buildConfigurations = (
				80829EBD23E569D20007C523 /* Debug */,
				80829EBE23E569D20007C523 /* Release */,
			);
			defaultConfigurationIsVisible = 0;
			defaultConfigurationName = Release;
		};
		80829EBF23E569D20007C523 /* Build configuration list for PBXNativeTarget "PersonalityQuiz" */ = {
			isa = XCConfigurationList;
			buildConfigurations = (
				80829EC023E569D20007C523 /* Debug */,
				80829EC123E569D20007C523 /* Release */,
			);
			defaultConfigurationIsVisible = 0;
			defaultConfigurationName = Release;
		};
		80829EC223E569D20007C523 /* Build configuration list for PBXNativeTarget "PersonalityQuizTests" */ = {
			isa = XCConfigurationList;
			buildConfigurations = (
				80829EC323E569D20007C523 /* Debug */,
				80829EC423E569D20007C523 /* Release */,
			);
			defaultConfigurationIsVisible = 0;
			defaultConfigurationName = Release;
		};
		80829EC523E569D20007C523 /* Build configuration list for PBXNativeTarget "PersonalityQuizUITests" */ = {
			isa = XCConfigurationList;
			buildConfigurations = (
				80829EC623E569D20007C523 /* Debug */,
				80829EC723E569D20007C523 /* Release */,
			);
			defaultConfigurationIsVisible = 0;
			defaultConfigurationName = Release;
		};
/* End XCConfigurationList section */
	};
	rootObject = 80829E8D23E569CF0007C523 /* Project object */;
}
